{
  "name": "versed-openiti-parser",
  "lockfileVersion": 3,
  "requires": true,
  "packages": {
    "": {
      "name": "versed-openiti-parser",
      "dependencies": {
        "@openiti/markdown-parser": "^1.2.2"
      }
    },
    "node_modules/@openiti/markdown-parser": {
      "version": "1.2.2",
      "resolved": "https://registry.npmjs.org/@openiti/markdown-parser/-/markdown-parser-1.2.2.tgz",
      "integrity": "sha512-ZmaZ2LAyXCzAAQAMrRbWbO9aJcenG7VZRUvWMj4QdTWToNM/xugpCa5sx9ES+hMrNIlZShv+uLrfg5Tk43j/Nw==",
      "license": "MIT",
      "engines": {
        "node": ">=12"
      }
    }
  }
}
